
Microsoft Visual Studio Solution File, Format Version 10.00
# Visual C++ Express 2008
Project("{8BC9CEB8-8B4A-11D0-8D11-00A0C91BC942}") = "StaticLibrary", "libLWPR\libLWPR.vcproj", "{EF294135-67D3-41E6-9B32-0C23E4DAFC10}"
EndProject
Project("{8BC9CEB8-8B4A-11D0-8D11-00A0C91BC942}") = "DynamicLibrary", "dynLWPR\dynLWPR.vcproj", "{1B70E3D6-87E5-4AFB-AF42-98708E8FB2FD}"
EndProject
Project("{8BC9CEB8-8B4A-11D0-8D11-00A0C91BC942}") = "Example_C", "Example_C\Example_C.vcproj", "{AA2FFCD0-6862-4A08-B756-8D7D74DF90C0}"
EndProject
Project("{8BC9CEB8-8B4A-11D0-8D11-00A0C91BC942}") = "Example_C++", "Example_C++\Example_C++.vcproj", "{FEF1279B-3FD5-4501-9C15-90DDDF5F55A3}"
EndProject
Global
	GlobalSection(SolutionConfigurationPlatforms) = preSolution
		Debug|Win32 = Debug|Win32
		Release|Win32 = Release|Win32
	EndGlobalSection
	GlobalSection(ProjectConfigurationPlatforms) = postSolution
		{EF294135-67D3-41E6-9B32-0C23E4DAFC10}.Debug|Win32.ActiveCfg = Debug|Win32
		{EF294135-67D3-41E6-9B32-0C23E4DAFC10}.Debug|Win32.Build.0 = Debug|Win32
		{EF294135-67D3-41E6-9B32-0C23E4DAFC10}.Release|Win32.ActiveCfg = Release|Win32
		{EF294135-67D3-41E6-9B32-0C23E4DAFC10}.Release|Win32.Build.0 = Release|Win32
		{1B70E3D6-87E5-4AFB-AF42-98708E8FB2FD}.Debug|Win32.ActiveCfg = Debug|Win32
		{1B70E3D6-87E5-4AFB-AF42-98708E8FB2FD}.Debug|Win32.Build.0 = Debug|Win32
		{1B70E3D6-87E5-4AFB-AF42-98708E8FB2FD}.Release|Win32.ActiveCfg = Release|Win32
		{1B70E3D6-87E5-4AFB-AF42-98708E8FB2FD}.Release|Win32.Build.0 = Release|Win32
		{AA2FFCD0-6862-4A08-B756-8D7D74DF90C0}.Debug|Win32.ActiveCfg = Debug|Win32
		{AA2FFCD0-6862-4A08-B756-8D7D74DF90C0}.Debug|Win32.Build.0 = Debug|Win32
		{AA2FFCD0-6862-4A08-B756-8D7D74DF90C0}.Release|Win32.ActiveCfg = Release|Win32
		{AA2FFCD0-6862-4A08-B756-8D7D74DF90C0}.Release|Win32.Build.0 = Release|Win32
		{FEF1279B-3FD5-4501-9C15-90DDDF5F55A3}.Debug|Win32.ActiveCfg = Debug|Win32
		{FEF1279B-3FD5-4501-9C15-90DDDF5F55A3}.Debug|Win32.Build.0 = Debug|Win32
		{FEF1279B-3FD5-4501-9C15-90DDDF5F55A3}.Release|Win32.ActiveCfg = Release|Win32
		{FEF1279B-3FD5-4501-9C15-90DDDF5F55A3}.Release|Win32.Build.0 = Release|Win32
	EndGlobalSection
	GlobalSection(SolutionProperties) = preSolution
		HideSolutionNode = FALSE
	EndGlobalSection
EndGlobal
